// !$*UTF8*$!
{
	archiveVersion = 1;
	classes = {
	};
	objectVersion = 56;
	objects = {

/* Begin PBXBuildFile section */
		4C04048629E1653A00286BA3 /* MorseViewController.swift in Sources */ = {isa = PBXBuildFile; fileRef = 4C04048529E1653A00286BA3 /* MorseViewController.swift */; };
		4C04048B29E16B6100286BA3 /* Ext + UITextView.swift in Sources */ = {isa = PBXBuildFile; fileRef = 4C04048A29E16B6100286BA3 /* Ext + UITextView.swift */; };
		4C0404AD29E1768200286BA3 /* Ext + UIFont.swift in Sources */ = {isa = PBXBuildFile; fileRef = 4C0404AC29E1768200286BA3 /* Ext + UIFont.swift */; };
		4C0EBA0729E1CAE3003EA709 /* BorderedUITextView.swift in Sources */ = {isa = PBXBuildFile; fileRef = 4C0EBA0629E1CAE3003EA709 /* BorderedUITextView.swift */; };
		4C43705229D8BBEA006405B4 /* AppDelegate.swift in Sources */ = {isa = PBXBuildFile; fileRef = 4C43705129D8BBEA006405B4 /* AppDelegate.swift */; };
		4C43705429D8BBEA006405B4 /* SceneDelegate.swift in Sources */ = {isa = PBXBuildFile; fileRef = 4C43705329D8BBEA006405B4 /* SceneDelegate.swift */; };
		4C43705B29D8BBED006405B4 /* Assets.xcassets in Resources */ = {isa = PBXBuildFile; fileRef = 4C43705A29D8BBED006405B4 /* Assets.xcassets */; };
		4C43705E29D8BBED006405B4 /* LaunchScreen.storyboard in Resources */ = {isa = PBXBuildFile; fileRef = 4C43705C29D8BBED006405B4 /* LaunchScreen.storyboard */; };
		4C43706829D8C081006405B4 /* MorseData.swift in Sources */ = {isa = PBXBuildFile; fileRef = 4C43706729D8C081006405B4 /* MorseData.swift */; };
		4C43706C29D8C3BD006405B4 /* Ext + UIView.swift in Sources */ = {isa = PBXBuildFile; fileRef = 4C43706B29D8C3BD006405B4 /* Ext + UIView.swift */; };
		4C5217E829EAA19700D86048 /* MorseAlphabetView.swift in Sources */ = {isa = PBXBuildFile; fileRef = 4C5217E729EAA19700D86048 /* MorseAlphabetView.swift */; };
		4CBCE39529E76C98008461ED /* Ext + UIColor.swift in Sources */ = {isa = PBXBuildFile; fileRef = 4CBCE39429E76C98008461ED /* Ext + UIColor.swift */; };
		4CDB2DCB29E96A69000B51AF /* Ext + UILabel.swift in Sources */ = {isa = PBXBuildFile; fileRef = 4CDB2DCA29E96A69000B51AF /* Ext + UILabel.swift */; };
		4CDB2DCD29E96CF3000B51AF /* Ext + UIButton.swift in Sources */ = {isa = PBXBuildFile; fileRef = 4CDB2DCC29E96CF3000B51AF /* Ext + UIButton.swift */; };
		4CDB2DCF29E96E34000B51AF /* Ext + UIImage.swift in Sources */ = {isa = PBXBuildFile; fileRef = 4CDB2DCE29E96E34000B51AF /* Ext + UIImage.swift */; };
/* End PBXBuildFile section */

/* Begin PBXFileReference section */
		4C04048529E1653A00286BA3 /* MorseViewController.swift */ = {isa = PBXFileReference; lastKnownFileType = sourcecode.swift; path = MorseViewController.swift; sourceTree = "<group>"; };
		4C04048A29E16B6100286BA3 /* Ext + UITextView.swift */ = {isa = PBXFileReference; lastKnownFileType = sourcecode.swift; path = "Ext + UITextView.swift"; sourceTree = "<group>"; };
		4C0404AC29E1768200286BA3 /* Ext + UIFont.swift */ = {isa = PBXFileReference; lastKnownFileType = sourcecode.swift; path = "Ext + UIFont.swift"; sourceTree = "<group>"; };
		4C0EBA0629E1CAE3003EA709 /* BorderedUITextView.swift */ = {isa = PBXFileReference; lastKnownFileType = sourcecode.swift; path = BorderedUITextView.swift; sourceTree = "<group>"; };
		4C43704E29D8BBEA006405B4 /* Morse.app */ = {isa = PBXFileReference; explicitFileType = wrapper.application; includeInIndex = 0; path = Morse.app; sourceTree = BUILT_PRODUCTS_DIR; };
		4C43705129D8BBEA006405B4 /* AppDelegate.swift */ = {isa = PBXFileReference; lastKnownFileType = sourcecode.swift; path = AppDelegate.swift; sourceTree = "<group>"; };
		4C43705329D8BBEA006405B4 /* SceneDelegate.swift */ = {isa = PBXFileReference; lastKnownFileType = sourcecode.swift; path = SceneDelegate.swift; sourceTree = "<group>"; };
		4C43705A29D8BBED006405B4 /* Assets.xcassets */ = {isa = PBXFileReference; lastKnownFileType = folder.assetcatalog; path = Assets.xcassets; sourceTree = "<group>"; };
		4C43705D29D8BBED006405B4 /* Base */ = {isa = PBXFileReference; lastKnownFileType = file.storyboard; name = Base; path = Base.lproj/LaunchScreen.storyboard; sourceTree = "<group>"; };
		4C43705F29D8BBED006405B4 /* Info.plist */ = {isa = PBXFileReference; lastKnownFileType = text.plist.xml; path = Info.plist; sourceTree = "<group>"; };
		4C43706729D8C081006405B4 /* MorseData.swift */ = {isa = PBXFileReference; lastKnownFileType = sourcecode.swift; path = MorseData.swift; sourceTree = "<group>"; };
		4C43706B29D8C3BD006405B4 /* Ext + UIView.swift */ = {isa = PBXFileReference; lastKnownFileType = sourcecode.swift; path = "Ext + UIView.swift"; sourceTree = "<group>"; };
		4C5217E729EAA19700D86048 /* MorseAlphabetView.swift */ = {isa = PBXFileReference; lastKnownFileType = sourcecode.swift; path = MorseAlphabetView.swift; sourceTree = "<group>"; };
		4CBCE39429E76C98008461ED /* Ext + UIColor.swift */ = {isa = PBXFileReference; lastKnownFileType = sourcecode.swift; path = "Ext + UIColor.swift"; sourceTree = "<group>"; };
		4CDB2DCA29E96A69000B51AF /* Ext + UILabel.swift */ = {isa = PBXFileReference; lastKnownFileType = sourcecode.swift; path = "Ext + UILabel.swift"; sourceTree = "<group>"; };
		4CDB2DCC29E96CF3000B51AF /* Ext + UIButton.swift */ = {isa = PBXFileReference; lastKnownFileType = sourcecode.swift; path = "Ext + UIButton.swift"; sourceTree = "<group>"; };
		4CDB2DCE29E96E34000B51AF /* Ext + UIImage.swift */ = {isa = PBXFileReference; lastKnownFileType = sourcecode.swift; path = "Ext + UIImage.swift"; sourceTree = "<group>"; };
/* End PBXFileReference section */

/* Begin PBXFrameworksBuildPhase section */
		4C43704B29D8BBEA006405B4 /* Frameworks */ = {
			isa = PBXFrameworksBuildPhase;
			buildActionMask = 2147483647;
			files = (
			);
			runOnlyForDeploymentPostprocessing = 0;
		};
/* End PBXFrameworksBuildPhase section */

/* Begin PBXGroup section */
		4C04048229E1650800286BA3 /* Storyboards */ = {
			isa = PBXGroup;
			children = (
				4C43705C29D8BBED006405B4 /* LaunchScreen.storyboard */,
			);
			path = Storyboards;
			sourceTree = "<group>";
		};
		4C04048729E1660B00286BA3 /* Models */ = {
			isa = PBXGroup;
			children = (
				4C43706729D8C081006405B4 /* MorseData.swift */,
			);
			path = Models;
			sourceTree = "<group>";
		};
		4C04048829E1661900286BA3 /* ViewControllers */ = {
			isa = PBXGroup;
			children = (
				4C04048529E1653A00286BA3 /* MorseViewController.swift */,
				4C5217E729EAA19700D86048 /* MorseAlphabetView.swift */,
			);
			path = ViewControllers;
			sourceTree = "<group>";
		};
		4C04048929E1662400286BA3 /* Extensions */ = {
			isa = PBXGroup;
			children = (
				4C0EBA0629E1CAE3003EA709 /* BorderedUITextView.swift */,
				4C43706B29D8C3BD006405B4 /* Ext + UIView.swift */,
				4C04048A29E16B6100286BA3 /* Ext + UITextView.swift */,
				4CDB2DCA29E96A69000B51AF /* Ext + UILabel.swift */,
				4CDB2DCC29E96CF3000B51AF /* Ext + UIButton.swift */,
				4C0404AC29E1768200286BA3 /* Ext + UIFont.swift */,
				4CDB2DCE29E96E34000B51AF /* Ext + UIImage.swift */,
				4CBCE39429E76C98008461ED /* Ext + UIColor.swift */,
			);
			path = Extensions;
			sourceTree = "<group>";
		};
		4C43704529D8BBEA006405B4 = {
			isa = PBXGroup;
			children = (
				4C43705029D8BBEA006405B4 /* Morse */,
				4C43704F29D8BBEA006405B4 /* Products */,
			);
			sourceTree = "<group>";
		};
		4C43704F29D8BBEA006405B4 /* Products */ = {
			isa = PBXGroup;
			children = (
				4C43704E29D8BBEA006405B4 /* Morse.app */,
			);
			name = Products;
			sourceTree = "<group>";
		};
		4C43705029D8BBEA006405B4 /* Morse */ = {
			isa = PBXGroup;
			children = (
				4C43706529D8BC7B006405B4 /* Resources */,
				4C43706629D8BF71006405B4 /* Application */,
				4C04048229E1650800286BA3 /* Storyboards */,
				4C04048729E1660B00286BA3 /* Models */,
				4C04048829E1661900286BA3 /* ViewControllers */,
				4C04048929E1662400286BA3 /* Extensions */,
			);
			path = Morse;
			sourceTree = "<group>";
		};
		4C43706529D8BC7B006405B4 /* Resources */ = {
			isa = PBXGroup;
			children = (
				4C43705A29D8BBED006405B4 /* Assets.xcassets */,
			);
			path = Resources;
			sourceTree = "<group>";
		};
		4C43706629D8BF71006405B4 /* Application */ = {
			isa = PBXGroup;
			children = (
				4C43705129D8BBEA006405B4 /* AppDelegate.swift */,
				4C43705329D8BBEA006405B4 /* SceneDelegate.swift */,
				4C43705F29D8BBED006405B4 /* Info.plist */,
			);
			path = Application;
			sourceTree = "<group>";
		};
/* End PBXGroup section */

/* Begin PBXNativeTarget section */
		4C43704D29D8BBEA006405B4 /* Morse */ = {
			isa = PBXNativeTarget;
			buildConfigurationList = 4C43706229D8BBED006405B4 /* Build configuration list for PBXNativeTarget "Morse" */;
			buildPhases = (
				4C43704A29D8BBEA006405B4 /* Sources */,
				4C43704B29D8BBEA006405B4 /* Frameworks */,
				4C43704C29D8BBEA006405B4 /* Resources */,
			);
			buildRules = (
			);
			dependencies = (
			);
			name = Morse;
			productName = Morse;
			productReference = 4C43704E29D8BBEA006405B4 /* Morse.app */;
			productType = "com.apple.product-type.application";
		};
/* End PBXNativeTarget section */

/* Begin PBXProject section */
		4C43704629D8BBEA006405B4 /* Project object */ = {
			isa = PBXProject;
			attributes = {
				BuildIndependentTargetsInParallel = 1;
				LastSwiftUpdateCheck = 1420;
				LastUpgradeCheck = 1420;
				TargetAttributes = {
					4C43704D29D8BBEA006405B4 = {
						CreatedOnToolsVersion = 14.2;
					};
				};
			};
			buildConfigurationList = 4C43704929D8BBEA006405B4 /* Build configuration list for PBXProject "Morse" */;
			compatibilityVersion = "Xcode 14.0";
			developmentRegion = en;
			hasScannedForEncodings = 0;
			knownRegions = (
				en,
				Base,
			);
			mainGroup = 4C43704529D8BBEA006405B4;
			productRefGroup = 4C43704F29D8BBEA006405B4 /* Products */;
			projectDirPath = "";
			projectRoot = "";
			targets = (
				4C43704D29D8BBEA006405B4 /* Morse */,
			);
		};
/* End PBXProject section */

/* Begin PBXResourcesBuildPhase section */
		4C43704C29D8BBEA006405B4 /* Resources */ = {
			isa = PBXResourcesBuildPhase;
			buildActionMask = 2147483647;
			files = (
				4C43705E29D8BBED006405B4 /* LaunchScreen.storyboard in Resources */,
				4C43705B29D8BBED006405B4 /* Assets.xcassets in Resources */,
			);
			runOnlyForDeploymentPostprocessing = 0;
		};
/* End PBXResourcesBuildPhase section */

/* Begin PBXSourcesBuildPhase section */
		4C43704A29D8BBEA006405B4 /* Sources */ = {
			isa = PBXSourcesBuildPhase;
			buildActionMask = 2147483647;
			files = (
				4C0EBA0729E1CAE3003EA709 /* BorderedUITextView.swift in Sources */,
				4C43705229D8BBEA006405B4 /* AppDelegate.swift in Sources */,
				4C43706829D8C081006405B4 /* MorseData.swift in Sources */,
				4C0404AD29E1768200286BA3 /* Ext + UIFont.swift in Sources */,
				4C43705429D8BBEA006405B4 /* SceneDelegate.swift in Sources */,
				4C04048B29E16B6100286BA3 /* Ext + UITextView.swift in Sources */,
				4C04048629E1653A00286BA3 /* MorseViewController.swift in Sources */,
				4CBCE39529E76C98008461ED /* Ext + UIColor.swift in Sources */,
				4CDB2DCB29E96A69000B51AF /* Ext + UILabel.swift in Sources */,
				4CDB2DCD29E96CF3000B51AF /* Ext + UIButton.swift in Sources */,
				4C43706C29D8C3BD006405B4 /* Ext + UIView.swift in Sources */,
				4CDB2DCF29E96E34000B51AF /* Ext + UIImage.swift in Sources */,
				4C5217E829EAA19700D86048 /* MorseAlphabetView.swift in Sources */,
			);
			runOnlyForDeploymentPostprocessing = 0;
		};
/* End PBXSourcesBuildPhase section */

/* Begin PBXVariantGroup section */
		4C43705C29D8BBED006405B4 /* LaunchScreen.storyboard */ = {
			isa = PBXVariantGroup;
			children = (
				4C43705D29D8BBED006405B4 /* Base */,
			);
			name = LaunchScreen.storyboard;
			sourceTree = "<group>";
		};
/* End PBXVariantGroup section */

/* Begin XCBuildConfiguration section */
		4C43706029D8BBED006405B4 /* Debug */ = {
			isa = XCBuildConfiguration;
			buildSettings = {
				ALWAYS_SEARCH_USER_PATHS = NO;
				CLANG_ANALYZER_NONNULL = YES;
				CLANG_ANALYZER_NUMBER_OBJECT_CONVERSION = YES_AGGRESSIVE;
				CLANG_CXX_LANGUAGE_STANDARD = "gnu++20";
				CLANG_ENABLE_MODULES = YES;
				CLANG_ENABLE_OBJC_ARC = YES;
				CLANG_ENABLE_OBJC_WEAK = YES;
				CLANG_WARN_BLOCK_CAPTURE_AUTORELEASING = YES;
				CLANG_WARN_BOOL_CONVERSION = YES;
				CLANG_WARN_COMMA = YES;
				CLANG_WARN_CONSTANT_CONVERSION = YES;
				CLANG_WARN_DEPRECATED_OBJC_IMPLEMENTATIONS = YES;
				CLANG_WARN_DIRECT_OBJC_ISA_USAGE = YES_ERROR;
				CLANG_WARN_DOCUMENTATION_COMMENTS = YES;
				CLANG_WARN_EMPTY_BODY = YES;
				CLANG_WARN_ENUM_CONVERSION = YES;
				CLANG_WARN_INFINITE_RECURSION = YES;
				CLANG_WARN_INT_CONVERSION = YES;
				CLANG_WARN_NON_LITERAL_NULL_CONVERSION = YES;
				CLANG_WARN_OBJC_IMPLICIT_RETAIN_SELF = YES;
				CLANG_WARN_OBJC_LITERAL_CONVERSION = YES;
				CLANG_WARN_OBJC_ROOT_CLASS = YES_ERROR;
				CLANG_WARN_QUOTED_INCLUDE_IN_FRAMEWORK_HEADER = YES;
				CLANG_WARN_RANGE_LOOP_ANALYSIS = YES;
				CLANG_WARN_STRICT_PROTOTYPES = YES;
				CLANG_WARN_SUSPICIOUS_MOVE = YES;
				CLANG_WARN_UNGUARDED_AVAILABILITY = YES_AGGRESSIVE;
				CLANG_WARN_UNREACHABLE_CODE = YES;
				CLANG_WARN__DUPLICATE_METHOD_MATCH = YES;
				COPY_PHASE_STRIP = NO;
				DEBUG_INFORMATION_FORMAT = dwarf;
				ENABLE_STRICT_OBJC_MSGSEND = YES;
				ENABLE_TESTABILITY = YES;
				GCC_C_LANGUAGE_STANDARD = gnu11;
				GCC_DYNAMIC_NO_PIC = NO;
				GCC_NO_COMMON_BLOCKS = YES;
				GCC_OPTIMIZATION_LEVEL = 0;
				GCC_PREPROCESSOR_DEFINITIONS = (
					"DEBUG=1",
					"$(inherited)",
				);
				GCC_WARN_64_TO_32_BIT_CONVERSION = YES;
				GCC_WARN_ABOUT_RETURN_TYPE = YES_ERROR;
				GCC_WARN_UNDECLARED_SELECTOR = YES;
				GCC_WARN_UNINITIALIZED_AUTOS = YES_AGGRESSIVE;
				GCC_WARN_UNUSED_FUNCTION = YES;
				GCC_WARN_UNUSED_VARIABLE = YES;
				IPHONEOS_DEPLOYMENT_TARGET = 16.2;
				MTL_ENABLE_DEBUG_INFO = INCLUDE_SOURCE;
				MTL_FAST_MATH = YES;
				ONLY_ACTIVE_ARCH = YES;
				SDKROOT = iphoneos;
				SWIFT_ACTIVE_COMPILATION_CONDITIONS = DEBUG;
				SWIFT_OPTIMIZATION_LEVEL = "-Onone";
			};
			name = Debug;
		};
		4C43706129D8BBED006405B4 /* Release */ = {
			isa = XCBuildConfiguration;
			buildSettings = {
				ALWAYS_SEARCH_USER_PATHS = NO;
				CLANG_ANALYZER_NONNULL = YES;
				CLANG_ANALYZER_NUMBER_OBJECT_CONVERSION = YES_AGGRESSIVE;
				CLANG_CXX_LANGUAGE_STANDARD = "gnu++20";
				CLANG_ENABLE_MODULES = YES;
				CLANG_ENABLE_OBJC_ARC = YES;
				CLANG_ENABLE_OBJC_WEAK = YES;
				CLANG_WARN_BLOCK_CAPTURE_AUTORELEASING = YES;
				CLANG_WARN_BOOL_CONVERSION = YES;
				CLANG_WARN_COMMA = YES;
				CLANG_WARN_CONSTANT_CONVERSION = YES;
				CLANG_WARN_DEPRECATED_OBJC_IMPLEMENTATIONS = YES;
				CLANG_WARN_DIRECT_OBJC_ISA_USAGE = YES_ERROR;
				CLANG_WARN_DOCUMENTATION_COMMENTS = YES;
				CLANG_WARN_EMPTY_BODY = YES;
				CLANG_WARN_ENUM_CONVERSION = YES;
				CLANG_WARN_INFINITE_RECURSION = YES;
				CLANG_WARN_INT_CONVERSION = YES;
				CLANG_WARN_NON_LITERAL_NULL_CONVERSION = YES;
				CLANG_WARN_OBJC_IMPLICIT_RETAIN_SELF = YES;
				CLANG_WARN_OBJC_LITERAL_CONVERSION = YES;
				CLANG_WARN_OBJC_ROOT_CLASS = YES_ERROR;
				CLANG_WARN_QUOTED_INCLUDE_IN_FRAMEWORK_HEADER = YES;
				CLANG_WARN_RANGE_LOOP_ANALYSIS = YES;
				CLANG_WARN_STRICT_PROTOTYPES = YES;
				CLANG_WARN_SUSPICIOUS_MOVE = YES;
				CLANG_WARN_UNGUARDED_AVAILABILITY = YES_AGGRESSIVE;
				CLANG_WARN_UNREACHABLE_CODE = YES;
				CLANG_WARN__DUPLICATE_METHOD_MATCH = YES;
				COPY_PHASE_STRIP = NO;
				DEBUG_INFORMATION_FORMAT = "dwarf-with-dsym";
				ENABLE_NS_ASSERTIONS = NO;
				ENABLE_STRICT_OBJC_MSGSEND = YES;
				GCC_C_LANGUAGE_STANDARD = gnu11;
				GCC_NO_COMMON_BLOCKS = YES;
				GCC_WARN_64_TO_32_BIT_CONVERSION = YES;
				GCC_WARN_ABOUT_RETURN_TYPE = YES_ERROR;
				GCC_WARN_UNDECLARED_SELECTOR = YES;
				GCC_WARN_UNINITIALIZED_AUTOS = YES_AGGRESSIVE;
				GCC_WARN_UNUSED_FUNCTION = YES;
				GCC_WARN_UNUSED_VARIABLE = YES;
				IPHONEOS_DEPLOYMENT_TARGET = 16.2;
				MTL_ENABLE_DEBUG_INFO = NO;
				MTL_FAST_MATH = YES;
				SDKROOT = iphoneos;
				SWIFT_COMPILATION_MODE = wholemodule;
				SWIFT_OPTIMIZATION_LEVEL = "-O";
				VALIDATE_PRODUCT = YES;
			};
			name = Release;
		};
		4C43706329D8BBED006405B4 /* Debug */ = {
			isa = XCBuildConfiguration;
			buildSettings = {
				ASSETCATALOG_COMPILER_APPICON_NAME = AppIcon;
				ASSETCATALOG_COMPILER_GLOBAL_ACCENT_COLOR_NAME = AccentColor;
				CODE_SIGN_STYLE = Automatic;
				CURRENT_PROJECT_VERSION = 1;
				DEVELOPMENT_TEAM = 6DCRFKN8GP;
				GENERATE_INFOPLIST_FILE = YES;
				INFOPLIST_FILE = Morse/Application/Info.plist;
				INFOPLIST_KEY_CFBundleDisplayName = Enigma;
				INFOPLIST_KEY_UIApplicationSupportsIndirectInputEvents = YES;
				INFOPLIST_KEY_UILaunchStoryboardName = LaunchScreen;
				INFOPLIST_KEY_UISupportedInterfaceOrientations = UIInterfaceOrientationPortrait;
				INFOPLIST_KEY_UISupportedInterfaceOrientations_iPad = "UIInterfaceOrientationLandscapeLeft UIInterfaceOrientationLandscapeRight UIInterfaceOrientationPortrait UIInterfaceOrientationPortraitUpsideDown";
				IPHONEOS_DEPLOYMENT_TARGET = 15.6;
				LD_RUNPATH_SEARCH_PATHS = (
					"$(inherited)",
					"@executable_path/Frameworks",
				);
				MARKETING_VERSION = 1.0;
				PRODUCT_BUNDLE_IDENTIFIER = "GE-Developer.Morse1";
				PRODUCT_NAME = "$(TARGET_NAME)";
				SUPPORTED_PLATFORMS = "iphoneos iphonesimulator";
				SUPPORTS_MACCATALYST = NO;
				SUPPORTS_MAC_DESIGNED_FOR_IPHONE_IPAD = NO;
				SWIFT_EMIT_LOC_STRINGS = YES;
				SWIFT_VERSION = 5.0;
				TARGETED_DEVICE_FAMILY = 1;
			};
			name = Debug;
		};
		4C43706429D8BBED006405B4 /* Release */ = {
			isa = XCBuildConfiguration;
			buildSettings = {
				ASSETCATALOG_COMPILER_APPICON_NAME = AppIcon;
				ASSETCATALOG_COMPILER_GLOBAL_ACCENT_COLOR_NAME = AccentColor;
				CODE_SIGN_STYLE = Automatic;
				CURRENT_PROJECT_VERSION = 1;
				DEVELOPMENT_TEAM = 6DCRFKN8GP;
				GENERATE_INFOPLIST_FILE = YES;
				INFOPLIST_FILE = Morse/Application/Info.plist;
				INFOPLIST_KEY_CFBundleDisplayName = Enigma;
				INFOPLIST_KEY_UIApplicationSupportsIndirectInputEvents = YES;
				INFOPLIST_KEY_UILaunchStoryboardName = LaunchScreen;
				INFOPLIST_KEY_UISupportedInterfaceOrientations = UIInterfaceOrientationPortrait;
				INFOPLIST_KEY_UISupportedInterfaceOrientations_iPad = "UIInterfaceOrientationLandscapeLeft UIInterfaceOrientationLandscapeRight UIInterfaceOrientationPortrait UIInterfaceOrientationPortraitUpsideDown";
				IPHONEOS_DEPLOYMENT_TARGET = 15.6;
				LD_RUNPATH_SEARCH_PATHS = (
					"$(inherited)",
					"@executable_path/Frameworks",
				);
				MARKETING_VERSION = 1.0;
				PRODUCT_BUNDLE_IDENTIFIER = "GE-Developer.Morse1";
				PRODUCT_NAME = "$(TARGET_NAME)";
				SUPPORTED_PLATFORMS = "iphoneos iphonesimulator";
				SUPPORTS_MACCATALYST = NO;
				SUPPORTS_MAC_DESIGNED_FOR_IPHONE_IPAD = NO;
				SWIFT_EMIT_LOC_STRINGS = YES;
				SWIFT_VERSION = 5.0;
				TARGETED_DEVICE_FAMILY = 1;
			};
			name = Release;
		};
/* End XCBuildConfiguration section */

/* Begin XCConfigurationList section */
		4C43704929D8BBEA006405B4 /* Build configuration list for PBXProject "Morse" */ = {
			isa = XCConfigurationList;
			buildConfigurations = (
				4C43706029D8BBED006405B4 /* Debug */,
				4C43706129D8BBED006405B4 /* Release */,
			);
			defaultConfigurationIsVisible = 0;
			defaultConfigurationName = Release;
		};
		4C43706229D8BBED006405B4 /* Build configuration list for PBXNativeTarget "Morse" */ = {
			isa = XCConfigurationList;
			buildConfigurations = (
				4C43706329D8BBED006405B4 /* Debug */,
				4C43706429D8BBED006405B4 /* Release */,
			);
			defaultConfigurationIsVisible = 0;
			defaultConfigurationName = Release;
		};
/* End XCConfigurationList section */
	};
	rootObject = 4C43704629D8BBEA006405B4 /* Project object */;
}
